
Microsoft Visual Studio Solution File, Format Version 12.00
# Visual Studio Version 16
VisualStudioVersion = 16.0.31005.135
MinimumVisualStudioVersion = 10.0.40219.1
Project("{9A19103F-16F7-4668-BE54-9A1E7A4F7556}") = "RestServiceProviderTests", "..\RestServiceProviderTests\RestServiceProviderTests.csproj", "{79C9F19B-12DB-4893-83E0-0391D4DFE190}"
EndProject
Project("{9A19103F-16F7-4668-BE54-9A1E7A4F7556}") = "RestServiceProvider", "RestServiceProvider\RestServiceProvider.csproj", "{5937F74D-3B34-43B0-B55A-C1A926987581}"
EndProject
Global
	GlobalSection(SolutionConfigurationPlatforms) = preSolution
		Debug|Any CPU = Debug|Any CPU
		Release|Any CPU = Release|Any CPU
	EndGlobalSection
	GlobalSection(ProjectConfigurationPlatforms) = postSolution
		{79C9F19B-12DB-4893-83E0-0391D4DFE190}.Debug|Any CPU.ActiveCfg = Debug|Any CPU
		{79C9F19B-12DB-4893-83E0-0391D4DFE190}.Debug|Any CPU.Build.0 = Debug|Any CPU
		{79C9F19B-12DB-4893-83E0-0391D4DFE190}.Release|Any CPU.ActiveCfg = Release|Any CPU
		{79C9F19B-12DB-4893-83E0-0391D4DFE190}.Release|Any CPU.Build.0 = Release|Any CPU
		{5937F74D-3B34-43B0-B55A-C1A926987581}.Debug|Any CPU.ActiveCfg = Debug|Any CPU
		{5937F74D-3B34-43B0-B55A-C1A926987581}.Debug|Any CPU.Build.0 = Debug|Any CPU
		{5937F74D-3B34-43B0-B55A-C1A926987581}.Release|Any CPU.ActiveCfg = Release|Any CPU
		{5937F74D-3B34-43B0-B55A-C1A926987581}.Release|Any CPU.Build.0 = Release|Any CPU
	EndGlobalSection
	GlobalSection(SolutionProperties) = preSolution
		HideSolutionNode = FALSE
	EndGlobalSection
	GlobalSection(ExtensibilityGlobals) = postSolution
		SolutionGuid = {65709BE9-BEFA-47CE-BF10-19B6CDFCCA5A}
	EndGlobalSection
EndGlobal
