
Microsoft Visual Studio Solution File, Format Version 12.00
# Visual Studio Version 16
VisualStudioVersion = 16.0.31005.135
MinimumVisualStudioVersion = 10.0.40219.1
Project("{9A19103F-16F7-4668-BE54-9A1E7A4F7556}") = "RestServiceProvider", "RestServiceProvider.csproj", "{33DDA39C-DA6F-4A14-81CA-AC38C816474C}"
EndProject
Global
	GlobalSection(SolutionConfigurationPlatforms) = preSolution
		Debug|Any CPU = Debug|Any CPU
		Release|Any CPU = Release|Any CPU
	EndGlobalSection
	GlobalSection(ProjectConfigurationPlatforms) = postSolution
		{33DDA39C-DA6F-4A14-81CA-AC38C816474C}.Debug|Any CPU.ActiveCfg = Debug|Any CPU
		{33DDA39C-DA6F-4A14-81CA-AC38C816474C}.Debug|Any CPU.Build.0 = Debug|Any CPU
		{33DDA39C-DA6F-4A14-81CA-AC38C816474C}.Release|Any CPU.ActiveCfg = Release|Any CPU
		{33DDA39C-DA6F-4A14-81CA-AC38C816474C}.Release|Any CPU.Build.0 = Release|Any CPU
	EndGlobalSection
	GlobalSection(SolutionProperties) = preSolution
		HideSolutionNode = FALSE
	EndGlobalSection
	GlobalSection(ExtensibilityGlobals) = postSolution
		SolutionGuid = {65709BE9-BEFA-47CE-BF10-19B6CDFCCA5A}
	EndGlobalSection
EndGlobal
